{
  "nodes": {
    "arion-flake": {
      "inputs": {
        "nixpkgs": [
          "nixpkgs"
        ]
      },
      "locked": {
        "lastModified": 1634507024,
        "narHash": "sha256-q+5LUD73TnMuc2xQ9ulS8dahoLqSgDCiQqtwdgUE0Tg=",
        "owner": "hercules-ci",
        "repo": "arion",
        "rev": "ee331fa1cdf267e77872feaab39a1e6707b2c476",
        "type": "github"
      },
      "original": {
        "owner": "hercules-ci",
        "repo": "arion",
        "type": "github"
      }
    },
    "badhosts": {
      "flake": false,
      "locked": {
        "lastModified": 1635096478,
        "narHash": "sha256-iZrawjJAzFE2A3S57cuA2wx6deYPbWYv7RWd5rL80xw=",
        "owner": "StevenBlack",
        "repo": "hosts",
        "rev": "04e312a989c181489bef032c69c5109bca2ca1f8",
        "type": "github"
      },
      "original": {
        "owner": "StevenBlack",
        "repo": "hosts",
        "type": "github"
      }
    },
    "emacs-overlay": {
      "locked": {
        "lastModified": 1635183298,
        "narHash": "sha256-C0VopVxzm2i//6Dy8onliLZPlpN5AI+oKlRURluNs58=",
        "owner": "nix-community",
        "repo": "emacs-overlay",
        "rev": "087c697a615cc651d7af0751899118f11924813f",
        "type": "github"
      },
      "original": {
        "owner": "nix-community",
        "repo": "emacs-overlay",
        "type": "github"
      }
    },
    "flake-compat": {
      "flake": false,
      "locked": {
        "lastModified": 1627913399,
        "narHash": "sha256-hY8g6H2KFL8ownSiFeMOjwPC8P0ueXpCVEbxgda3pko=",
        "owner": "edolstra",
        "repo": "flake-compat",
        "rev": "12c64ca55c1014cdc1b16ed5a804aa8576601ff2",
        "type": "github"
      },
      "original": {
        "owner": "edolstra",
        "repo": "flake-compat",
        "type": "github"
      }
    },
    "flake-utils": {
      "locked": {
        "lastModified": 1634851050,
        "narHash": "sha256-N83GlSGPJJdcqhUxSCS/WwW5pksYf3VP1M13cDRTSVA=",
        "owner": "numtide",
        "repo": "flake-utils",
        "rev": "c91f3de5adaf1de973b797ef7485e441a65b8935",
        "type": "github"
      },
      "original": {
        "owner": "numtide",
        "repo": "flake-utils",
        "type": "github"
      }
    },
    "gitignore-nix": {
      "flake": false,
      "locked": {
        "lastModified": 1635165013,
        "narHash": "sha256-o/BdVjNwcB6jOmzZjOH703BesSkkS5O7ej3xhyO8hAY=",
        "owner": "hercules-ci",
        "repo": "gitignore.nix",
        "rev": "5b9e0ff9d3b551234b4f3eb3983744fa354b17f1",
        "type": "github"
      },
      "original": {
        "owner": "hercules-ci",
        "repo": "gitignore.nix",
        "type": "github"
      }
    },
    "nix-darwin": {
      "inputs": {
        "nixpkgs": [
          "nixpkgs"
        ]
      },
      "locked": {
        "lastModified": 1631876560,
        "narHash": "sha256-UiWBbJ/fEFig2k+575E12UOcCF9W3rK4Htz0jgViy5s=",
        "owner": "hackworthltd",
        "repo": "nix-darwin",
        "rev": "5154c5b01b78029b69b9d3e5c54bbda70d0af058",
        "type": "github"
      },
      "original": {
        "owner": "hackworthltd",
        "ref": "fixes-v9",
        "repo": "nix-darwin",
        "type": "github"
      }
    },
    "nixpkgs": {
      "locked": {
        "lastModified": 1635122851,
        "narHash": "sha256-0m8W0u/rQIx9QydApjj7K0cSIBYyP0M62julslW9brs=",
        "owner": "NixOS",
        "repo": "nixpkgs",
        "rev": "33afbbd4afe427d0bcac3354382c33c0a358a06a",
        "type": "github"
      },
      "original": {
        "owner": "NixOS",
        "ref": "nixpkgs-unstable",
        "repo": "nixpkgs",
        "type": "github"
      }
    },
    "root": {
      "inputs": {
        "arion-flake": "arion-flake",
        "badhosts": "badhosts",
        "emacs-overlay": "emacs-overlay",
        "flake-compat": "flake-compat",
        "flake-utils": "flake-utils",
        "gitignore-nix": "gitignore-nix",
        "nix-darwin": "nix-darwin",
        "nixpkgs": "nixpkgs",
        "sops-nix": "sops-nix"
      }
    },
    "sops-nix": {
      "inputs": {
        "nixpkgs": [
          "nixpkgs"
        ]
      },
      "locked": {
        "lastModified": 1633273832,
        "narHash": "sha256-oOjpMVYpkIUpiML61PeqTk+sg4juRvF7P6jroI/YvTw=",
        "owner": "Mic92",
        "repo": "sops-nix",
        "rev": "2e86e1698d53e5bd71d9de5f8b7e8f2f5458633c",
        "type": "github"
      },
      "original": {
        "owner": "Mic92",
        "repo": "sops-nix",
        "type": "github"
      }
    }
  },
  "root": "root",
  "version": 7
}
